
Microsoft Visual Studio Solution File, Format Version 12.00
# Visual Studio 15
VisualStudioVersion = 15.0.28010.2050
MinimumVisualStudioVersion = 10.0.40219.1
Project("{888888A0-9F3D-457C-B088-3A5042F75D52}") = "BasicProject", "BasicProject\BasicProject.pyproj", "{796658C7-4367-4B56-A0EB-C3F3474A10A3}"
EndProject
Project("{888888A0-9F3D-457C-B088-3A5042F75D52}") = "DjangoWeb", "DjangoWeb\DjangoWeb.pyproj", "{B987724B-A2A1-4BA4-8377-6EE24B82971A}"
EndProject
Global
	GlobalSection(SolutionConfigurationPlatforms) = preSolution
		Debug|Any CPU = Debug|Any CPU
		Release|Any CPU = Release|Any CPU
	EndGlobalSection
	GlobalSection(ProjectConfigurationPlatforms) = postSolution
		{796658C7-4367-4B56-A0EB-C3F3474A10A3}.Debug|Any CPU.ActiveCfg = Debug|Any CPU
		{796658C7-4367-4B56-A0EB-C3F3474A10A3}.Debug|Any CPU.Build.0 = Debug|Any CPU
		{796658C7-4367-4B56-A0EB-C3F3474A10A3}.Release|Any CPU.ActiveCfg = Release|Any CPU
		{796658C7-4367-4B56-A0EB-C3F3474A10A3}.Release|Any CPU.Build.0 = Release|Any CPU
		{B987724B-A2A1-4BA4-8377-6EE24B82971A}.Debug|Any CPU.ActiveCfg = Debug|Any CPU
		{B987724B-A2A1-4BA4-8377-6EE24B82971A}.Debug|Any CPU.Build.0 = Debug|Any CPU
		{B987724B-A2A1-4BA4-8377-6EE24B82971A}.Release|Any CPU.ActiveCfg = Release|Any CPU
		{B987724B-A2A1-4BA4-8377-6EE24B82971A}.Release|Any CPU.Build.0 = Release|Any CPU
	EndGlobalSection
	GlobalSection(SolutionProperties) = preSolution
		HideSolutionNode = FALSE
	EndGlobalSection
	GlobalSection(ExtensibilityGlobals) = postSolution
		SolutionGuid = {E5824D13-3654-4893-B1AE-8B4B5627028F}
	EndGlobalSection
EndGlobal
